{
  "name": "lookstea",
  "version": "1.0.0",
  "lockfileVersion": 3,
  "requires": true,
  "packages": {
    "": {
      "name": "lookstea",
      "version": "1.0.0",
      "license": "ISC",
      "dependencies": {
        "lookstea": "^1.0.0"
      }
    },
    "node_modules/lookstea": {
      "version": "1.0.0",
      "resolved": "https://registry.npmjs.org/lookstea/-/lookstea-1.0.0.tgz",
      "integrity": "sha512-eUJxoTuZyAlX8nrzy/0vc2nEN91FRAE3cw9KhkBfNU+p+4hnffsZJkyBUsl3MPNwh4vKx7dkeD08AKfIACHlKg=="
    }
  }
}
